// !$*UTF8*$!
{
	archiveVersion = 1;
	classes = {
	};
	objectVersion = 50;
	objects = {

/* Begin PBXBuildFile section */
		7997B048BDAC50EEDBE680BD /* Pods_RUsh.framework in Frameworks */ = {isa = PBXBuildFile; fileRef = 2F53668D064548FCD3D7A651 /* Pods_RUsh.framework */; };
		BD77459A229B6E3900B28121 /* AppDelegate.swift in Sources */ = {isa = PBXBuildFile; fileRef = BD774599229B6E3900B28121 /* AppDelegate.swift */; };
		BD77459C229B6E3900B28121 /* ViewController.swift in Sources */ = {isa = PBXBuildFile; fileRef = BD77459B229B6E3900B28121 /* ViewController.swift */; };
		BD77459F229B6E3900B28121 /* Main.storyboard in Resources */ = {isa = PBXBuildFile; fileRef = BD77459D229B6E3900B28121 /* Main.storyboard */; };
		BD7745A1229B6E3A00B28121 /* Assets.xcassets in Resources */ = {isa = PBXBuildFile; fileRef = BD7745A0229B6E3A00B28121 /* Assets.xcassets */; };
		BD7745A4229B6E3A00B28121 /* LaunchScreen.storyboard in Resources */ = {isa = PBXBuildFile; fileRef = BD7745A2229B6E3A00B28121 /* LaunchScreen.storyboard */; };
		BD7745AF229B6E3A00B28121 /* RUshTests.swift in Sources */ = {isa = PBXBuildFile; fileRef = BD7745AE229B6E3A00B28121 /* RUshTests.swift */; };
		BD7745BA229B7B0900B28121 /* GoogleService-Info.plist in Resources */ = {isa = PBXBuildFile; fileRef = BD7745B9229B7B0900B28121 /* GoogleService-Info.plist */; };
/* End PBXBuildFile section */

/* Begin PBXContainerItemProxy section */
		BD7745AB229B6E3A00B28121 /* PBXContainerItemProxy */ = {
			isa = PBXContainerItemProxy;
			containerPortal = BD77458E229B6E3900B28121 /* Project object */;
			proxyType = 1;
			remoteGlobalIDString = BD774595229B6E3900B28121;
			remoteInfo = RUsh;
		};
/* End PBXContainerItemProxy section */

/* Begin PBXFileReference section */
		0CF764B80C1D1F141D1D236C /* Pods-RUsh.debug.xcconfig */ = {isa = PBXFileReference; includeInIndex = 1; lastKnownFileType = text.xcconfig; name = "Pods-RUsh.debug.xcconfig"; path = "Target Support Files/Pods-RUsh/Pods-RUsh.debug.xcconfig"; sourceTree = "<group>"; };
		2F53668D064548FCD3D7A651 /* Pods_RUsh.framework */ = {isa = PBXFileReference; explicitFileType = wrapper.framework; includeInIndex = 0; path = Pods_RUsh.framework; sourceTree = BUILT_PRODUCTS_DIR; };
		54B98B7557B6E879A799E41B /* Pods-RUsh.release.xcconfig */ = {isa = PBXFileReference; includeInIndex = 1; lastKnownFileType = text.xcconfig; name = "Pods-RUsh.release.xcconfig"; path = "Target Support Files/Pods-RUsh/Pods-RUsh.release.xcconfig"; sourceTree = "<group>"; };
		BD774596229B6E3900B28121 /* RUsh.app */ = {isa = PBXFileReference; explicitFileType = wrapper.application; includeInIndex = 0; path = RUsh.app; sourceTree = BUILT_PRODUCTS_DIR; };
		BD774599229B6E3900B28121 /* AppDelegate.swift */ = {isa = PBXFileReference; lastKnownFileType = sourcecode.swift; path = AppDelegate.swift; sourceTree = "<group>"; };
		BD77459B229B6E3900B28121 /* ViewController.swift */ = {isa = PBXFileReference; lastKnownFileType = sourcecode.swift; path = ViewController.swift; sourceTree = "<group>"; };
		BD77459E229B6E3900B28121 /* Base */ = {isa = PBXFileReference; lastKnownFileType = file.storyboard; name = Base; path = Base.lproj/Main.storyboard; sourceTree = "<group>"; };
		BD7745A0229B6E3A00B28121 /* Assets.xcassets */ = {isa = PBXFileReference; lastKnownFileType = folder.assetcatalog; path = Assets.xcassets; sourceTree = "<group>"; };
		BD7745A3229B6E3A00B28121 /* Base */ = {isa = PBXFileReference; lastKnownFileType = file.storyboard; name = Base; path = Base.lproj/LaunchScreen.storyboard; sourceTree = "<group>"; };
		BD7745A5229B6E3A00B28121 /* Info.plist */ = {isa = PBXFileReference; lastKnownFileType = text.plist.xml; path = Info.plist; sourceTree = "<group>"; };
		BD7745AA229B6E3A00B28121 /* RUshTests.xctest */ = {isa = PBXFileReference; explicitFileType = wrapper.cfbundle; includeInIndex = 0; path = RUshTests.xctest; sourceTree = BUILT_PRODUCTS_DIR; };
		BD7745AE229B6E3A00B28121 /* RUshTests.swift */ = {isa = PBXFileReference; lastKnownFileType = sourcecode.swift; path = RUshTests.swift; sourceTree = "<group>"; };
		BD7745B0229B6E3A00B28121 /* Info.plist */ = {isa = PBXFileReference; lastKnownFileType = text.plist.xml; path = Info.plist; sourceTree = "<group>"; };
		BD7745B9229B7B0900B28121 /* GoogleService-Info.plist */ = {isa = PBXFileReference; fileEncoding = 4; lastKnownFileType = text.plist.xml; path = "GoogleService-Info.plist"; sourceTree = "<group>"; };
/* End PBXFileReference section */

/* Begin PBXFrameworksBuildPhase section */
		BD774593229B6E3900B28121 /* Frameworks */ = {
			isa = PBXFrameworksBuildPhase;
			buildActionMask = 2147483647;
			files = (
				7997B048BDAC50EEDBE680BD /* Pods_RUsh.framework in Frameworks */,
			);
			runOnlyForDeploymentPostprocessing = 0;
		};
		BD7745A7229B6E3A00B28121 /* Frameworks */ = {
			isa = PBXFrameworksBuildPhase;
			buildActionMask = 2147483647;
			files = (
			);
			runOnlyForDeploymentPostprocessing = 0;
		};
/* End PBXFrameworksBuildPhase section */

/* Begin PBXGroup section */
		6092ADAD7620F5D2EE7DC7C6 /* Frameworks */ = {
			isa = PBXGroup;
			children = (
				2F53668D064548FCD3D7A651 /* Pods_RUsh.framework */,
			);
			name = Frameworks;
			sourceTree = "<group>";
		};
		9AF54535FFB69604C705BC0D /* Pods */ = {
			isa = PBXGroup;
			children = (
				0CF764B80C1D1F141D1D236C /* Pods-RUsh.debug.xcconfig */,
				54B98B7557B6E879A799E41B /* Pods-RUsh.release.xcconfig */,
			);
			name = Pods;
			path = Pods;
			sourceTree = "<group>";
		};
		BD77458D229B6E3900B28121 = {
			isa = PBXGroup;
			children = (
				BD774598229B6E3900B28121 /* RUsh */,
				BD7745AD229B6E3A00B28121 /* RUshTests */,
				BD774597229B6E3900B28121 /* Products */,
				9AF54535FFB69604C705BC0D /* Pods */,
				6092ADAD7620F5D2EE7DC7C6 /* Frameworks */,
			);
			sourceTree = "<group>";
		};
		BD774597229B6E3900B28121 /* Products */ = {
			isa = PBXGroup;
			children = (
				BD774596229B6E3900B28121 /* RUsh.app */,
				BD7745AA229B6E3A00B28121 /* RUshTests.xctest */,
			);
			name = Products;
			sourceTree = "<group>";
		};
		BD774598229B6E3900B28121 /* RUsh */ = {
			isa = PBXGroup;
			children = (
				BD774599229B6E3900B28121 /* AppDelegate.swift */,
				BD77459B229B6E3900B28121 /* ViewController.swift */,
				BD77459D229B6E3900B28121 /* Main.storyboard */,
				BD7745A0229B6E3A00B28121 /* Assets.xcassets */,
				BD7745A2229B6E3A00B28121 /* LaunchScreen.storyboard */,
				BD7745B9229B7B0900B28121 /* GoogleService-Info.plist */,
				BD7745A5229B6E3A00B28121 /* Info.plist */,
			);
			path = RUsh;
			sourceTree = "<group>";
		};
		BD7745AD229B6E3A00B28121 /* RUshTests */ = {
			isa = PBXGroup;
			children = (
				BD7745AE229B6E3A00B28121 /* RUshTests.swift */,
				BD7745B0229B6E3A00B28121 /* Info.plist */,
			);
			path = RUshTests;
			sourceTree = "<group>";
		};
/* End PBXGroup section */

/* Begin PBXNativeTarget section */
		BD774595229B6E3900B28121 /* RUsh */ = {
			isa = PBXNativeTarget;
			buildConfigurationList = BD7745B3229B6E3A00B28121 /* Build configuration list for PBXNativeTarget "RUsh" */;
			buildPhases = (
				7127B9BD01FB21C172770F34 /* [CP] Check Pods Manifest.lock */,
				BD774592229B6E3900B28121 /* Sources */,
				BD774593229B6E3900B28121 /* Frameworks */,
				BD774594229B6E3900B28121 /* Resources */,
				ABB250555F8E0577A4B741C8 /* [CP] Embed Pods Frameworks */,
			);
			buildRules = (
			);
			dependencies = (
			);
			name = RUsh;
			productName = RUsh;
			productReference = BD774596229B6E3900B28121 /* RUsh.app */;
			productType = "com.apple.product-type.application";
		};
		BD7745A9229B6E3A00B28121 /* RUshTests */ = {
			isa = PBXNativeTarget;
			buildConfigurationList = BD7745B6229B6E3A00B28121 /* Build configuration list for PBXNativeTarget "RUshTests" */;
			buildPhases = (
				BD7745A6229B6E3A00B28121 /* Sources */,
				BD7745A7229B6E3A00B28121 /* Frameworks */,
				BD7745A8229B6E3A00B28121 /* Resources */,
			);
			buildRules = (
			);
			dependencies = (
				BD7745AC229B6E3A00B28121 /* PBXTargetDependency */,
			);
			name = RUshTests;
			productName = RUshTests;
			productReference = BD7745AA229B6E3A00B28121 /* RUshTests.xctest */;
			productType = "com.apple.product-type.bundle.unit-test";
		};
/* End PBXNativeTarget section */

/* Begin PBXProject section */
		BD77458E229B6E3900B28121 /* Project object */ = {
			isa = PBXProject;
			attributes = {
				LastSwiftUpdateCheck = 1020;
				LastUpgradeCheck = 1020;
				ORGANIZATIONNAME = "Louis Shinohara";
				TargetAttributes = {
					BD774595229B6E3900B28121 = {
						CreatedOnToolsVersion = 10.2.1;
					};
					BD7745A9229B6E3A00B28121 = {
						CreatedOnToolsVersion = 10.2.1;
						TestTargetID = BD774595229B6E3900B28121;
					};
				};
			};
			buildConfigurationList = BD774591229B6E3900B28121 /* Build configuration list for PBXProject "RUsh" */;
			compatibilityVersion = "Xcode 9.3";
			developmentRegion = en;
			hasScannedForEncodings = 0;
			knownRegions = (
				en,
				Base,
			);
			mainGroup = BD77458D229B6E3900B28121;
			productRefGroup = BD774597229B6E3900B28121 /* Products */;
			projectDirPath = "";
			projectRoot = "";
			targets = (
				BD774595229B6E3900B28121 /* RUsh */,
				BD7745A9229B6E3A00B28121 /* RUshTests */,
			);
		};
/* End PBXProject section */

/* Begin PBXResourcesBuildPhase section */
		BD774594229B6E3900B28121 /* Resources */ = {
			isa = PBXResourcesBuildPhase;
			buildActionMask = 2147483647;
			files = (
				BD7745A4229B6E3A00B28121 /* LaunchScreen.storyboard in Resources */,
				BD7745BA229B7B0900B28121 /* GoogleService-Info.plist in Resources */,
				BD7745A1229B6E3A00B28121 /* Assets.xcassets in Resources */,
				BD77459F229B6E3900B28121 /* Main.storyboard in Resources */,
			);
			runOnlyForDeploymentPostprocessing = 0;
		};
		BD7745A8229B6E3A00B28121 /* Resources */ = {
			isa = PBXResourcesBuildPhase;
			buildActionMask = 2147483647;
			files = (
			);
			runOnlyForDeploymentPostprocessing = 0;
		};
/* End PBXResourcesBuildPhase section */

/* Begin PBXShellScriptBuildPhase section */
		7127B9BD01FB21C172770F34 /* [CP] Check Pods Manifest.lock */ = {
			isa = PBXShellScriptBuildPhase;
			buildActionMask = 2147483647;
			files = (
			);
			inputFileListPaths = (
			);
			inputPaths = (
				"${PODS_PODFILE_DIR_PATH}/Podfile.lock",
				"${PODS_ROOT}/Manifest.lock",
			);
			name = "[CP] Check Pods Manifest.lock";
			outputFileListPaths = (
			);
			outputPaths = (
				"$(DERIVED_FILE_DIR)/Pods-RUsh-checkManifestLockResult.txt",
			);
			runOnlyForDeploymentPostprocessing = 0;
			shellPath = /bin/sh;
			shellScript = "diff \"${PODS_PODFILE_DIR_PATH}/Podfile.lock\" \"${PODS_ROOT}/Manifest.lock\" > /dev/null\nif [ $? != 0 ] ; then\n    # print error to STDERR\n    echo \"error: The sandbox is not in sync with the Podfile.lock. Run 'pod install' or update your CocoaPods installation.\" >&2\n    exit 1\nfi\n# This output is used by Xcode 'outputs' to avoid re-running this script phase.\necho \"SUCCESS\" > \"${SCRIPT_OUTPUT_FILE_0}\"\n";
			showEnvVarsInLog = 0;
		};
		ABB250555F8E0577A4B741C8 /* [CP] Embed Pods Frameworks */ = {
			isa = PBXShellScriptBuildPhase;
			buildActionMask = 2147483647;
			files = (
			);
			inputFileListPaths = (
				"${PODS_ROOT}/Target Support Files/Pods-RUsh/Pods-RUsh-frameworks-${CONFIGURATION}-input-files.xcfilelist",
			);
			name = "[CP] Embed Pods Frameworks";
			outputFileListPaths = (
				"${PODS_ROOT}/Target Support Files/Pods-RUsh/Pods-RUsh-frameworks-${CONFIGURATION}-output-files.xcfilelist",
			);
			runOnlyForDeploymentPostprocessing = 0;
			shellPath = /bin/sh;
			shellScript = "\"${PODS_ROOT}/Target Support Files/Pods-RUsh/Pods-RUsh-frameworks.sh\"\n";
			showEnvVarsInLog = 0;
		};
/* End PBXShellScriptBuildPhase section */

/* Begin PBXSourcesBuildPhase section */
		BD774592229B6E3900B28121 /* Sources */ = {
			isa = PBXSourcesBuildPhase;
			buildActionMask = 2147483647;
			files = (
				BD77459C229B6E3900B28121 /* ViewController.swift in Sources */,
				BD77459A229B6E3900B28121 /* AppDelegate.swift in Sources */,
			);
			runOnlyForDeploymentPostprocessing = 0;
		};
		BD7745A6229B6E3A00B28121 /* Sources */ = {
			isa = PBXSourcesBuildPhase;
			buildActionMask = 2147483647;
			files = (
				BD7745AF229B6E3A00B28121 /* RUshTests.swift in Sources */,
			);
			runOnlyForDeploymentPostprocessing = 0;
		};
/* End PBXSourcesBuildPhase section */

/* Begin PBXTargetDependency section */
		BD7745AC229B6E3A00B28121 /* PBXTargetDependency */ = {
			isa = PBXTargetDependency;
			target = BD774595229B6E3900B28121 /* RUsh */;
			targetProxy = BD7745AB229B6E3A00B28121 /* PBXContainerItemProxy */;
		};
/* End PBXTargetDependency section */

/* Begin PBXVariantGroup section */
		BD77459D229B6E3900B28121 /* Main.storyboard */ = {
			isa = PBXVariantGroup;
			children = (
				BD77459E229B6E3900B28121 /* Base */,
			);
			name = Main.storyboard;
			sourceTree = "<group>";
		};
		BD7745A2229B6E3A00B28121 /* LaunchScreen.storyboard */ = {
			isa = PBXVariantGroup;
			children = (
				BD7745A3229B6E3A00B28121 /* Base */,
			);
			name = LaunchScreen.storyboard;
			sourceTree = "<group>";
		};
/* End PBXVariantGroup section */

/* Begin XCBuildConfiguration section */
		BD7745B1229B6E3A00B28121 /* Debug */ = {
			isa = XCBuildConfiguration;
			buildSettings = {
				ALWAYS_SEARCH_USER_PATHS = NO;
				CLANG_ANALYZER_NONNULL = YES;
				CLANG_ANALYZER_NUMBER_OBJECT_CONVERSION = YES_AGGRESSIVE;
				CLANG_CXX_LANGUAGE_STANDARD = "gnu++14";
				CLANG_CXX_LIBRARY = "libc++";
				CLANG_ENABLE_MODULES = YES;
				CLANG_ENABLE_OBJC_ARC = YES;
				CLANG_ENABLE_OBJC_WEAK = YES;
				CLANG_WARN_BLOCK_CAPTURE_AUTORELEASING = YES;
				CLANG_WARN_BOOL_CONVERSION = YES;
				CLANG_WARN_COMMA = YES;
				CLANG_WARN_CONSTANT_CONVERSION = YES;
				CLANG_WARN_DEPRECATED_OBJC_IMPLEMENTATIONS = YES;
				CLANG_WARN_DIRECT_OBJC_ISA_USAGE = YES_ERROR;
				CLANG_WARN_DOCUMENTATION_COMMENTS = YES;
				CLANG_WARN_EMPTY_BODY = YES;
				CLANG_WARN_ENUM_CONVERSION = YES;
				CLANG_WARN_INFINITE_RECURSION = YES;
				CLANG_WARN_INT_CONVERSION = YES;
				CLANG_WARN_NON_LITERAL_NULL_CONVERSION = YES;
				CLANG_WARN_OBJC_IMPLICIT_RETAIN_SELF = YES;
				CLANG_WARN_OBJC_LITERAL_CONVERSION = YES;
				CLANG_WARN_OBJC_ROOT_CLASS = YES_ERROR;
				CLANG_WARN_RANGE_LOOP_ANALYSIS = YES;
				CLANG_WARN_STRICT_PROTOTYPES = YES;
				CLANG_WARN_SUSPICIOUS_MOVE = YES;
				CLANG_WARN_UNGUARDED_AVAILABILITY = YES_AGGRESSIVE;
				CLANG_WARN_UNREACHABLE_CODE = YES;
				CLANG_WARN__DUPLICATE_METHOD_MATCH = YES;
				CODE_SIGN_IDENTITY = "iPhone Developer";
				COPY_PHASE_STRIP = NO;
				DEBUG_INFORMATION_FORMAT = dwarf;
				ENABLE_STRICT_OBJC_MSGSEND = YES;
				ENABLE_TESTABILITY = YES;
				GCC_C_LANGUAGE_STANDARD = gnu11;
				GCC_DYNAMIC_NO_PIC = NO;
				GCC_NO_COMMON_BLOCKS = YES;
				GCC_OPTIMIZATION_LEVEL = 0;
				GCC_PREPROCESSOR_DEFINITIONS = (
					"DEBUG=1",
					"$(inherited)",
				);
				GCC_WARN_64_TO_32_BIT_CONVERSION = YES;
				GCC_WARN_ABOUT_RETURN_TYPE = YES_ERROR;
				GCC_WARN_UNDECLARED_SELECTOR = YES;
				GCC_WARN_UNINITIALIZED_AUTOS = YES_AGGRESSIVE;
				GCC_WARN_UNUSED_FUNCTION = YES;
				GCC_WARN_UNUSED_VARIABLE = YES;
				IPHONEOS_DEPLOYMENT_TARGET = 12.2;
				MTL_ENABLE_DEBUG_INFO = INCLUDE_SOURCE;
				MTL_FAST_MATH = YES;
				ONLY_ACTIVE_ARCH = YES;
				SDKROOT = iphoneos;
				SWIFT_ACTIVE_COMPILATION_CONDITIONS = DEBUG;
				SWIFT_OPTIMIZATION_LEVEL = "-Onone";
			};
			name = Debug;
		};
		BD7745B2229B6E3A00B28121 /* Release */ = {
			isa = XCBuildConfiguration;
			buildSettings = {
				ALWAYS_SEARCH_USER_PATHS = NO;
				CLANG_ANALYZER_NONNULL = YES;
				CLANG_ANALYZER_NUMBER_OBJECT_CONVERSION = YES_AGGRESSIVE;
				CLANG_CXX_LANGUAGE_STANDARD = "gnu++14";
				CLANG_CXX_LIBRARY = "libc++";
				CLANG_ENABLE_MODULES = YES;
				CLANG_ENABLE_OBJC_ARC = YES;
				CLANG_ENABLE_OBJC_WEAK = YES;
				CLANG_WARN_BLOCK_CAPTURE_AUTORELEASING = YES;
				CLANG_WARN_BOOL_CONVERSION = YES;
				CLANG_WARN_COMMA = YES;
				CLANG_WARN_CONSTANT_CONVERSION = YES;
				CLANG_WARN_DEPRECATED_OBJC_IMPLEMENTATIONS = YES;
				CLANG_WARN_DIRECT_OBJC_ISA_USAGE = YES_ERROR;
				CLANG_WARN_DOCUMENTATION_COMMENTS = YES;
				CLANG_WARN_EMPTY_BODY = YES;
				CLANG_WARN_ENUM_CONVERSION = YES;
				CLANG_WARN_INFINITE_RECURSION = YES;
				CLANG_WARN_INT_CONVERSION = YES;
				CLANG_WARN_NON_LITERAL_NULL_CONVERSION = YES;
				CLANG_WARN_OBJC_IMPLICIT_RETAIN_SELF = YES;
				CLANG_WARN_OBJC_LITERAL_CONVERSION = YES;
				CLANG_WARN_OBJC_ROOT_CLASS = YES_ERROR;
				CLANG_WARN_RANGE_LOOP_ANALYSIS = YES;
				CLANG_WARN_STRICT_PROTOTYPES = YES;
				CLANG_WARN_SUSPICIOUS_MOVE = YES;
				CLANG_WARN_UNGUARDED_AVAILABILITY = YES_AGGRESSIVE;
				CLANG_WARN_UNREACHABLE_CODE = YES;
				CLANG_WARN__DUPLICATE_METHOD_MATCH = YES;
				CODE_SIGN_IDENTITY = "iPhone Developer";
				COPY_PHASE_STRIP = NO;
				DEBUG_INFORMATION_FORMAT = "dwarf-with-dsym";
				ENABLE_NS_ASSERTIONS = NO;
				ENABLE_STRICT_OBJC_MSGSEND = YES;
				GCC_C_LANGUAGE_STANDARD = gnu11;
				GCC_NO_COMMON_BLOCKS = YES;
				GCC_WARN_64_TO_32_BIT_CONVERSION = YES;
				GCC_WARN_ABOUT_RETURN_TYPE = YES_ERROR;
				GCC_WARN_UNDECLARED_SELECTOR = YES;
				GCC_WARN_UNINITIALIZED_AUTOS = YES_AGGRESSIVE;
				GCC_WARN_UNUSED_FUNCTION = YES;
				GCC_WARN_UNUSED_VARIABLE = YES;
				IPHONEOS_DEPLOYMENT_TARGET = 12.2;
				MTL_ENABLE_DEBUG_INFO = NO;
				MTL_FAST_MATH = YES;
				SDKROOT = iphoneos;
				SWIFT_COMPILATION_MODE = wholemodule;
				SWIFT_OPTIMIZATION_LEVEL = "-O";
				VALIDATE_PRODUCT = YES;
			};
			name = Release;
		};
		BD7745B4229B6E3A00B28121 /* Debug */ = {
			isa = XCBuildConfiguration;
			baseConfigurationReference = 0CF764B80C1D1F141D1D236C /* Pods-RUsh.debug.xcconfig */;
			buildSettings = {
				ASSETCATALOG_COMPILER_APPICON_NAME = AppIcon;
				CODE_SIGN_STYLE = Automatic;
				DEVELOPMENT_TEAM = XAGPWJWGAF;
				INFOPLIST_FILE = RUsh/Info.plist;
				LD_RUNPATH_SEARCH_PATHS = (
					"$(inherited)",
					"@executable_path/Frameworks",
				);
				PRODUCT_BUNDLE_IDENTIFIER = "com.Louis-Shinohara.RUsh";
				PRODUCT_NAME = "$(TARGET_NAME)";
				SWIFT_VERSION = 5.0;
				TARGETED_DEVICE_FAMILY = "1,2";
			};
			name = Debug;
		};
		BD7745B5229B6E3A00B28121 /* Release */ = {
			isa = XCBuildConfiguration;
			baseConfigurationReference = 54B98B7557B6E879A799E41B /* Pods-RUsh.release.xcconfig */;
			buildSettings = {
				ASSETCATALOG_COMPILER_APPICON_NAME = AppIcon;
				CODE_SIGN_STYLE = Automatic;
				DEVELOPMENT_TEAM = XAGPWJWGAF;
				INFOPLIST_FILE = RUsh/Info.plist;
				LD_RUNPATH_SEARCH_PATHS = (
					"$(inherited)",
					"@executable_path/Frameworks",
				);
				PRODUCT_BUNDLE_IDENTIFIER = "com.Louis-Shinohara.RUsh";
				PRODUCT_NAME = "$(TARGET_NAME)";
				SWIFT_VERSION = 5.0;
				TARGETED_DEVICE_FAMILY = "1,2";
			};
			name = Release;
		};
		BD7745B7229B6E3A00B28121 /* Debug */ = {
			isa = XCBuildConfiguration;
			buildSettings = {
				ALWAYS_EMBED_SWIFT_STANDARD_LIBRARIES = YES;
				BUNDLE_LOADER = "$(TEST_HOST)";
				CODE_SIGN_STYLE = Automatic;
				DEVELOPMENT_TEAM = XAGPWJWGAF;
				INFOPLIST_FILE = RUshTests/Info.plist;
				LD_RUNPATH_SEARCH_PATHS = (
					"$(inherited)",
					"@executable_path/Frameworks",
					"@loader_path/Frameworks",
				);
				PRODUCT_BUNDLE_IDENTIFIER = "com.Louis-Shinohara.RUshTests";
				PRODUCT_NAME = "$(TARGET_NAME)";
				SWIFT_VERSION = 5.0;
				TARGETED_DEVICE_FAMILY = "1,2";
				TEST_HOST = "$(BUILT_PRODUCTS_DIR)/RUsh.app/RUsh";
			};
			name = Debug;
		};
		BD7745B8229B6E3A00B28121 /* Release */ = {
			isa = XCBuildConfiguration;
			buildSettings = {
				ALWAYS_EMBED_SWIFT_STANDARD_LIBRARIES = YES;
				BUNDLE_LOADER = "$(TEST_HOST)";
				CODE_SIGN_STYLE = Automatic;
				DEVELOPMENT_TEAM = XAGPWJWGAF;
				INFOPLIST_FILE = RUshTests/Info.plist;
				LD_RUNPATH_SEARCH_PATHS = (
					"$(inherited)",
					"@executable_path/Frameworks",
					"@loader_path/Frameworks",
				);
				PRODUCT_BUNDLE_IDENTIFIER = "com.Louis-Shinohara.RUshTests";
				PRODUCT_NAME = "$(TARGET_NAME)";
				SWIFT_VERSION = 5.0;
				TARGETED_DEVICE_FAMILY = "1,2";
				TEST_HOST = "$(BUILT_PRODUCTS_DIR)/RUsh.app/RUsh";
			};
			name = Release;
		};
/* End XCBuildConfiguration section */

/* Begin XCConfigurationList section */
		BD774591229B6E3900B28121 /* Build configuration list for PBXProject "RUsh" */ = {
			isa = XCConfigurationList;
			buildConfigurations = (
				BD7745B1229B6E3A00B28121 /* Debug */,
				BD7745B2229B6E3A00B28121 /* Release */,
			);
			defaultConfigurationIsVisible = 0;
			defaultConfigurationName = Release;
		};
		BD7745B3229B6E3A00B28121 /* Build configuration list for PBXNativeTarget "RUsh" */ = {
			isa = XCConfigurationList;
			buildConfigurations = (
				BD7745B4229B6E3A00B28121 /* Debug */,
				BD7745B5229B6E3A00B28121 /* Release */,
			);
			defaultConfigurationIsVisible = 0;
			defaultConfigurationName = Release;
		};
		BD7745B6229B6E3A00B28121 /* Build configuration list for PBXNativeTarget "RUshTests" */ = {
			isa = XCConfigurationList;
			buildConfigurations = (
				BD7745B7229B6E3A00B28121 /* Debug */,
				BD7745B8229B6E3A00B28121 /* Release */,
			);
			defaultConfigurationIsVisible = 0;
			defaultConfigurationName = Release;
		};
/* End XCConfigurationList section */
	};
	rootObject = BD77458E229B6E3900B28121 /* Project object */;
}
